// !$*UTF8*$!
{
	archiveVersion = 1;
	classes = {
	};
	objectVersion = 48;
	objects = {

/* Begin PBXBuildFile section */
		99A34B161FC4CBEA000263FA /* AppDelegate.swift in Sources */ = {isa = PBXBuildFile; fileRef = 99A34B151FC4CBEA000263FA /* AppDelegate.swift */; };
		99A34B181FC4CBEA000263FA /* ViewController.swift in Sources */ = {isa = PBXBuildFile; fileRef = 99A34B171FC4CBEA000263FA /* ViewController.swift */; };
		99A34B1B1FC4CBEA000263FA /* Main.storyboard in Resources */ = {isa = PBXBuildFile; fileRef = 99A34B191FC4CBEA000263FA /* Main.storyboard */; };
		99A34B1D1FC4CBEA000263FA /* Assets.xcassets in Resources */ = {isa = PBXBuildFile; fileRef = 99A34B1C1FC4CBEA000263FA /* Assets.xcassets */; };
		99A34B201FC4CBEA000263FA /* LaunchScreen.storyboard in Resources */ = {isa = PBXBuildFile; fileRef = 99A34B1E1FC4CBEA000263FA /* LaunchScreen.storyboard */; };
/* End PBXBuildFile section */

/* Begin PBXFileReference section */
		99A34B121FC4CBEA000263FA /* core_ble_example.app */ = {isa = PBXFileReference; explicitFileType = wrapper.application; includeInIndex = 0; path = core_ble_example.app; sourceTree = BUILT_PRODUCTS_DIR; };
		99A34B151FC4CBEA000263FA /* AppDelegate.swift */ = {isa = PBXFileReference; lastKnownFileType = sourcecode.swift; path = AppDelegate.swift; sourceTree = "<group>"; };
		99A34B171FC4CBEA000263FA /* ViewController.swift */ = {isa = PBXFileReference; lastKnownFileType = sourcecode.swift; path = ViewController.swift; sourceTree = "<group>"; };
		99A34B1A1FC4CBEA000263FA /* Base */ = {isa = PBXFileReference; lastKnownFileType = file.storyboard; name = Base; path = Base.lproj/Main.storyboard; sourceTree = "<group>"; };
		99A34B1C1FC4CBEA000263FA /* Assets.xcassets */ = {isa = PBXFileReference; lastKnownFileType = folder.assetcatalog; path = Assets.xcassets; sourceTree = "<group>"; };
		99A34B1F1FC4CBEA000263FA /* Base */ = {isa = PBXFileReference; lastKnownFileType = file.storyboard; name = Base; path = Base.lproj/LaunchScreen.storyboard; sourceTree = "<group>"; };
		99A34B211FC4CBEA000263FA /* Info.plist */ = {isa = PBXFileReference; lastKnownFileType = text.plist.xml; path = Info.plist; sourceTree = "<group>"; };
		99A34B281FC4CBFB000263FA /* CoreBluetooth.framework */ = {isa = PBXFileReference; lastKnownFileType = wrapper.framework; name = CoreBluetooth.framework; path = System/Library/Frameworks/CoreBluetooth.framework; sourceTree = SDKROOT; };
/* End PBXFileReference section */

/* Begin PBXFrameworksBuildPhase section */
		99A34B0F1FC4CBEA000263FA /* Frameworks */ = {
			isa = PBXFrameworksBuildPhase;
			buildActionMask = 2147483647;
			files = (
			);
			runOnlyForDeploymentPostprocessing = 0;
		};
/* End PBXFrameworksBuildPhase section */

/* Begin PBXGroup section */
		99A34B091FC4CBEA000263FA = {
			isa = PBXGroup;
			children = (
				99A34B141FC4CBEA000263FA /* core_ble_example */,
				99A34B131FC4CBEA000263FA /* Products */,
				99A34B271FC4CBFB000263FA /* Frameworks */,
			);
			sourceTree = "<group>";
		};
		99A34B131FC4CBEA000263FA /* Products */ = {
			isa = PBXGroup;
			children = (
				99A34B121FC4CBEA000263FA /* core_ble_example.app */,
			);
			name = Products;
			sourceTree = "<group>";
		};
		99A34B141FC4CBEA000263FA /* core_ble_example */ = {
			isa = PBXGroup;
			children = (
				99A34B151FC4CBEA000263FA /* AppDelegate.swift */,
				99A34B171FC4CBEA000263FA /* ViewController.swift */,
				99A34B191FC4CBEA000263FA /* Main.storyboard */,
				99A34B1C1FC4CBEA000263FA /* Assets.xcassets */,
				99A34B1E1FC4CBEA000263FA /* LaunchScreen.storyboard */,
				99A34B211FC4CBEA000263FA /* Info.plist */,
			);
			path = core_ble_example;
			sourceTree = "<group>";
		};
		99A34B271FC4CBFB000263FA /* Frameworks */ = {
			isa = PBXGroup;
			children = (
				99A34B281FC4CBFB000263FA /* CoreBluetooth.framework */,
			);
			name = Frameworks;
			sourceTree = "<group>";
		};
/* End PBXGroup section */

/* Begin PBXNativeTarget section */
		99A34B111FC4CBEA000263FA /* core_ble_example */ = {
			isa = PBXNativeTarget;
			buildConfigurationList = 99A34B241FC4CBEA000263FA /* Build configuration list for PBXNativeTarget "core_ble_example" */;
			buildPhases = (
				99A34B0E1FC4CBEA000263FA /* Sources */,
				99A34B0F1FC4CBEA000263FA /* Frameworks */,
				99A34B101FC4CBEA000263FA /* Resources */,
			);
			buildRules = (
			);
			dependencies = (
			);
			name = core_ble_example;
			productName = core_ble_example;
			productReference = 99A34B121FC4CBEA000263FA /* core_ble_example.app */;
			productType = "com.apple.product-type.application";
		};
/* End PBXNativeTarget section */

/* Begin PBXProject section */
		99A34B0A1FC4CBEA000263FA /* Project object */ = {
			isa = PBXProject;
			attributes = {
				LastSwiftUpdateCheck = 0910;
				LastUpgradeCheck = 0910;
				ORGANIZATIONNAME = "Batuhan Duzgun";
				TargetAttributes = {
					99A34B111FC4CBEA000263FA = {
						CreatedOnToolsVersion = 9.1;
						ProvisioningStyle = Automatic;
						SystemCapabilities = {
							com.apple.BackgroundModes = {
								enabled = 1;
							};
						};
					};
				};
			};
			buildConfigurationList = 99A34B0D1FC4CBEA000263FA /* Build configuration list for PBXProject "core_ble_example" */;
			compatibilityVersion = "Xcode 8.0";
			developmentRegion = en;
			hasScannedForEncodings = 0;
			knownRegions = (
				en,
				Base,
			);
			mainGroup = 99A34B091FC4CBEA000263FA;
			productRefGroup = 99A34B131FC4CBEA000263FA /* Products */;
			projectDirPath = "";
			projectRoot = "";
			targets = (
				99A34B111FC4CBEA000263FA /* core_ble_example */,
			);
		};
/* End PBXProject section */

/* Begin PBXResourcesBuildPhase section */
		99A34B101FC4CBEA000263FA /* Resources */ = {
			isa = PBXResourcesBuildPhase;
			buildActionMask = 2147483647;
			files = (
				99A34B201FC4CBEA000263FA /* LaunchScreen.storyboard in Resources */,
				99A34B1D1FC4CBEA000263FA /* Assets.xcassets in Resources */,
				99A34B1B1FC4CBEA000263FA /* Main.storyboard in Resources */,
			);
			runOnlyForDeploymentPostprocessing = 0;
		};
/* End PBXResourcesBuildPhase section */

/* Begin PBXSourcesBuildPhase section */
		99A34B0E1FC4CBEA000263FA /* Sources */ = {
			isa = PBXSourcesBuildPhase;
			buildActionMask = 2147483647;
			files = (
				99A34B181FC4CBEA000263FA /* ViewController.swift in Sources */,
				99A34B161FC4CBEA000263FA /* AppDelegate.swift in Sources */,
			);
			runOnlyForDeploymentPostprocessing = 0;
		};
/* End PBXSourcesBuildPhase section */

/* Begin PBXVariantGroup section */
		99A34B191FC4CBEA000263FA /* Main.storyboard */ = {
			isa = PBXVariantGroup;
			children = (
				99A34B1A1FC4CBEA000263FA /* Base */,
			);
			name = Main.storyboard;
			sourceTree = "<group>";
		};
		99A34B1E1FC4CBEA000263FA /* LaunchScreen.storyboard */ = {
			isa = PBXVariantGroup;
			children = (
				99A34B1F1FC4CBEA000263FA /* Base */,
			);
			name = LaunchScreen.storyboard;
			sourceTree = "<group>";
		};
/* End PBXVariantGroup section */

/* Begin XCBuildConfiguration section */
		99A34B221FC4CBEA000263FA /* Debug */ = {
			isa = XCBuildConfiguration;
			buildSettings = {
				ALWAYS_SEARCH_USER_PATHS = NO;
				CLANG_ANALYZER_NONNULL = YES;
				CLANG_ANALYZER_NUMBER_OBJECT_CONVERSION = YES_AGGRESSIVE;
				CLANG_CXX_LANGUAGE_STANDARD = "gnu++14";
				CLANG_CXX_LIBRARY = "libc++";
				CLANG_ENABLE_MODULES = YES;
				CLANG_ENABLE_OBJC_ARC = YES;
				CLANG_WARN_BLOCK_CAPTURE_AUTORELEASING = YES;
				CLANG_WARN_BOOL_CONVERSION = YES;
				CLANG_WARN_COMMA = YES;
				CLANG_WARN_CONSTANT_CONVERSION = YES;
				CLANG_WARN_DIRECT_OBJC_ISA_USAGE = YES_ERROR;
				CLANG_WARN_DOCUMENTATION_COMMENTS = YES;
				CLANG_WARN_EMPTY_BODY = YES;
				CLANG_WARN_ENUM_CONVERSION = YES;
				CLANG_WARN_INFINITE_RECURSION = YES;
				CLANG_WARN_INT_CONVERSION = YES;
				CLANG_WARN_NON_LITERAL_NULL_CONVERSION = YES;
				CLANG_WARN_OBJC_LITERAL_CONVERSION = YES;
				CLANG_WARN_OBJC_ROOT_CLASS = YES_ERROR;
				CLANG_WARN_RANGE_LOOP_ANALYSIS = YES;
				CLANG_WARN_STRICT_PROTOTYPES = YES;
				CLANG_WARN_SUSPICIOUS_MOVE = YES;
				CLANG_WARN_UNGUARDED_AVAILABILITY = YES_AGGRESSIVE;
				CLANG_WARN_UNREACHABLE_CODE = YES;
				CLANG_WARN__DUPLICATE_METHOD_MATCH = YES;
				CODE_SIGN_IDENTITY = "iPhone Developer";
				COPY_PHASE_STRIP = NO;
				DEBUG_INFORMATION_FORMAT = dwarf;
				ENABLE_STRICT_OBJC_MSGSEND = YES;
				ENABLE_TESTABILITY = YES;
				GCC_C_LANGUAGE_STANDARD = gnu11;
				GCC_DYNAMIC_NO_PIC = NO;
				GCC_NO_COMMON_BLOCKS = YES;
				GCC_OPTIMIZATION_LEVEL = 0;
				GCC_PREPROCESSOR_DEFINITIONS = (
					"DEBUG=1",
					"$(inherited)",
				);
				GCC_WARN_64_TO_32_BIT_CONVERSION = YES;
				GCC_WARN_ABOUT_RETURN_TYPE = YES_ERROR;
				GCC_WARN_UNDECLARED_SELECTOR = YES;
				GCC_WARN_UNINITIALIZED_AUTOS = YES_AGGRESSIVE;
				GCC_WARN_UNUSED_FUNCTION = YES;
				GCC_WARN_UNUSED_VARIABLE = YES;
				IPHONEOS_DEPLOYMENT_TARGET = 11.1;
				MTL_ENABLE_DEBUG_INFO = YES;
				ONLY_ACTIVE_ARCH = YES;
				SDKROOT = iphoneos;
				SWIFT_ACTIVE_COMPILATION_CONDITIONS = DEBUG;
				SWIFT_OPTIMIZATION_LEVEL = "-Onone";
			};
			name = Debug;
		};
		99A34B231FC4CBEA000263FA /* Release */ = {
			isa = XCBuildConfiguration;
			buildSettings = {
				ALWAYS_SEARCH_USER_PATHS = NO;
				CLANG_ANALYZER_NONNULL = YES;
				CLANG_ANALYZER_NUMBER_OBJECT_CONVERSION = YES_AGGRESSIVE;
				CLANG_CXX_LANGUAGE_STANDARD = "gnu++14";
				CLANG_CXX_LIBRARY = "libc++";
				CLANG_ENABLE_MODULES = YES;
				CLANG_ENABLE_OBJC_ARC = YES;
				CLANG_WARN_BLOCK_CAPTURE_AUTORELEASING = YES;
				CLANG_WARN_BOOL_CONVERSION = YES;
				CLANG_WARN_COMMA = YES;
				CLANG_WARN_CONSTANT_CONVERSION = YES;
				CLANG_WARN_DIRECT_OBJC_ISA_USAGE = YES_ERROR;
				CLANG_WARN_DOCUMENTATION_COMMENTS = YES;
				CLANG_WARN_EMPTY_BODY = YES;
				CLANG_WARN_ENUM_CONVERSION = YES;
				CLANG_WARN_INFINITE_RECURSION = YES;
				CLANG_WARN_INT_CONVERSION = YES;
				CLANG_WARN_NON_LITERAL_NULL_CONVERSION = YES;
				CLANG_WARN_OBJC_LITERAL_CONVERSION = YES;
				CLANG_WARN_OBJC_ROOT_CLASS = YES_ERROR;
				CLANG_WARN_RANGE_LOOP_ANALYSIS = YES;
				CLANG_WARN_STRICT_PROTOTYPES = YES;
				CLANG_WARN_SUSPICIOUS_MOVE = YES;
				CLANG_WARN_UNGUARDED_AVAILABILITY = YES_AGGRESSIVE;
				CLANG_WARN_UNREACHABLE_CODE = YES;
				CLANG_WARN__DUPLICATE_METHOD_MATCH = YES;
				CODE_SIGN_IDENTITY = "iPhone Developer";
				COPY_PHASE_STRIP = NO;
				DEBUG_INFORMATION_FORMAT = "dwarf-with-dsym";
				ENABLE_NS_ASSERTIONS = NO;
				ENABLE_STRICT_OBJC_MSGSEND = YES;
				GCC_C_LANGUAGE_STANDARD = gnu11;
				GCC_NO_COMMON_BLOCKS = YES;
				GCC_WARN_64_TO_32_BIT_CONVERSION = YES;
				GCC_WARN_ABOUT_RETURN_TYPE = YES_ERROR;
				GCC_WARN_UNDECLARED_SELECTOR = YES;
				GCC_WARN_UNINITIALIZED_AUTOS = YES_AGGRESSIVE;
				GCC_WARN_UNUSED_FUNCTION = YES;
				GCC_WARN_UNUSED_VARIABLE = YES;
				IPHONEOS_DEPLOYMENT_TARGET = 11.1;
				MTL_ENABLE_DEBUG_INFO = NO;
				SDKROOT = iphoneos;
				SWIFT_OPTIMIZATION_LEVEL = "-Owholemodule";
				VALIDATE_PRODUCT = YES;
			};
			name = Release;
		};
		99A34B251FC4CBEA000263FA /* Debug */ = {
			isa = XCBuildConfiguration;
			buildSettings = {
				ASSETCATALOG_COMPILER_APPICON_NAME = AppIcon;
				CODE_SIGN_IDENTITY = "iPhone Developer";
				"CODE_SIGN_IDENTITY[sdk=iphoneos*]" = "iPhone Developer";
				CODE_SIGN_STYLE = Automatic;
				DEVELOPMENT_TEAM = HME55B9M59;
				INFOPLIST_FILE = core_ble_example/Info.plist;
				LD_RUNPATH_SEARCH_PATHS = "$(inherited) @executable_path/Frameworks";
				PRODUCT_BUNDLE_IDENTIFIER = "core.ble.example.core-ble-example";
				PRODUCT_NAME = "$(TARGET_NAME)";
				PROVISIONING_PROFILE_SPECIFIER = "";
				SWIFT_VERSION = 4.0;
				TARGETED_DEVICE_FAMILY = "1,2";
			};
			name = Debug;
		};
		99A34B261FC4CBEA000263FA /* Release */ = {
			isa = XCBuildConfiguration;
			buildSettings = {
				ASSETCATALOG_COMPILER_APPICON_NAME = AppIcon;
				CODE_SIGN_IDENTITY = "iPhone Developer";
				"CODE_SIGN_IDENTITY[sdk=iphoneos*]" = "iPhone Developer";
				CODE_SIGN_STYLE = Automatic;
				DEVELOPMENT_TEAM = HME55B9M59;
				INFOPLIST_FILE = core_ble_example/Info.plist;
				LD_RUNPATH_SEARCH_PATHS = "$(inherited) @executable_path/Frameworks";
				PRODUCT_BUNDLE_IDENTIFIER = "core.ble.example.core-ble-example";
				PRODUCT_NAME = "$(TARGET_NAME)";
				PROVISIONING_PROFILE_SPECIFIER = "";
				SWIFT_VERSION = 4.0;
				TARGETED_DEVICE_FAMILY = "1,2";
			};
			name = Release;
		};
/* End XCBuildConfiguration section */

/* Begin XCConfigurationList section */
		99A34B0D1FC4CBEA000263FA /* Build configuration list for PBXProject "core_ble_example" */ = {
			isa = XCConfigurationList;
			buildConfigurations = (
				99A34B221FC4CBEA000263FA /* Debug */,
				99A34B231FC4CBEA000263FA /* Release */,
			);
			defaultConfigurationIsVisible = 0;
			defaultConfigurationName = Release;
		};
		99A34B241FC4CBEA000263FA /* Build configuration list for PBXNativeTarget "core_ble_example" */ = {
			isa = XCConfigurationList;
			buildConfigurations = (
				99A34B251FC4CBEA000263FA /* Debug */,
				99A34B261FC4CBEA000263FA /* Release */,
			);
			defaultConfigurationIsVisible = 0;
			defaultConfigurationName = Release;
		};
/* End XCConfigurationList section */
	};
	rootObject = 99A34B0A1FC4CBEA000263FA /* Project object */;
}
